
Microsoft Visual Studio Solution File, Format Version 12.00
# Visual Studio 15
VisualStudioVersion = 15.0.26906.1
MinimumVisualStudioVersion = 10.0.40219.1
Project("{FAE04EC0-301F-11D3-BF4B-00C04F79EFBC}") = "Meziantou.OneDrive.Windows", "Meziantou.OneDrive.Windows\Meziantou.OneDrive.Windows.csproj", "{C7591F4A-C182-430C-AF6F-E1FBFCD73309}"
EndProject
Project("{FAE04EC0-301F-11D3-BF4B-00C04F79EFBC}") = "Meziantou.OneDrive", "Meziantou.OneDrive\Meziantou.OneDrive.csproj", "{E924C220-BCB4-4590-B002-06482A0FE1F5}"
EndProject
Global
	GlobalSection(SolutionConfigurationPlatforms) = preSolution
		Debug|Any CPU = Debug|Any CPU
		Release|Any CPU = Release|Any CPU
	EndGlobalSection
	GlobalSection(ProjectConfigurationPlatforms) = postSolution
		{C7591F4A-C182-430C-AF6F-E1FBFCD73309}.Debug|Any CPU.ActiveCfg = Debug|Any CPU
		{C7591F4A-C182-430C-AF6F-E1FBFCD73309}.Debug|Any CPU.Build.0 = Debug|Any CPU
		{C7591F4A-C182-430C-AF6F-E1FBFCD73309}.Release|Any CPU.ActiveCfg = Release|Any CPU
		{C7591F4A-C182-430C-AF6F-E1FBFCD73309}.Release|Any CPU.Build.0 = Release|Any CPU
		{E924C220-BCB4-4590-B002-06482A0FE1F5}.Debug|Any CPU.ActiveCfg = Debug|Any CPU
		{E924C220-BCB4-4590-B002-06482A0FE1F5}.Debug|Any CPU.Build.0 = Debug|Any CPU
		{E924C220-BCB4-4590-B002-06482A0FE1F5}.Release|Any CPU.ActiveCfg = Release|Any CPU
		{E924C220-BCB4-4590-B002-06482A0FE1F5}.Release|Any CPU.Build.0 = Release|Any CPU
	EndGlobalSection
	GlobalSection(SolutionProperties) = preSolution
		HideSolutionNode = FALSE
	EndGlobalSection
	GlobalSection(ExtensibilityGlobals) = postSolution
		SolutionGuid = {92671C64-FF85-4F5D-ADD9-41970CC9432D}
	EndGlobalSection
EndGlobal
